# THIS IS AN AUTOGENERATED FILE. DO NOT EDIT THIS FILE DIRECTLY.
# yarn lockfile v1


"@types/lodash@*":
  version "4.14.116"
  resolved "http://registry.npm.taobao.org/@types/lodash/download/@types/lodash-4.14.116.tgz#5ccf215653e3e8c786a58390751033a9adca0eb9"

"@types/mocha@^5.2.3":
  version "5.2.5"
  resolved "http://registry.npm.taobao.org/@types/mocha/download/@types/mocha-5.2.5.tgz#8a4accfc403c124a0bafe8a9fc61a05ec1032073"

"@types/node@*", "@types/node@^10.3.6":
  version "10.9.4"
  resolved "http://registry.npm.taobao.org/@types/node/download/@types/node-10.9.4.tgz#0f4cb2dc7c1de6096055357f70179043c33e9897"

"@types/prop-types@*":
  version "15.5.8"
  resolved "http://registry.npm.taobao.org/@types/prop-types/download/@types/prop-types-15.5.8.tgz#8ae4e0ea205fe95c3901a5a1df7f66495e3a56ce"
  integrity sha1-iuTg6iBf6Vw5AaWh339mSV46Vs4=

"@types/react-dom@^16.0.11":
  version "16.0.11"
  resolved "http://registry.npm.taobao.org/@types/react-dom/download/@types/react-dom-16.0.11.tgz#bd10ccb0d9260343f4b9a49d4f7a8330a5c1f081"
  integrity sha1-vRDMsNkmA0P0uaSdT3qDMKXB8IE=
  dependencies:
    "@types/react" "*"

"@types/react@*", "@types/react@^16.7.17":
  version "16.7.17"
  resolved "http://registry.npm.taobao.org/@types/react/download/@types/react-16.7.17.tgz#3242e796a1ffbba4f49eae5915a67f4c079504e9"
  integrity sha1-MkLnlqH/u6T0nq5ZFaZ/TAeVBOk=
  dependencies:
    "@types/prop-types" "*"
    csstype "^2.2.0"

"@types/yargs@*":
  version "11.1.1"
  resolved "http://registry.npm.taobao.org/@types/yargs/download/@types/yargs-11.1.1.tgz#2e724257167fd6b615dbe4e54301e65fe597433f"

ansi-regex@^2.0.0:
  version "2.1.1"
  resolved "http://registry.npm.taobao.org/ansi-regex/download/ansi-regex-2.1.1.tgz#c3b33ab5ee360d86e0e628f0468ae7ef27d654df"

ansi-regex@^3.0.0:
  version "3.0.0"
  resolved "http://registry.npm.taobao.org/ansi-regex/download/ansi-regex-3.0.0.tgz#ed0317c322064f79466c02966bddb605ab37d998"

arrify@^1.0.0:
  version "1.0.1"
  resolved "http://registry.npm.taobao.org/arrify/download/arrify-1.0.1.tgz#898508da2226f380df904728456849c1501a4b0d"

balanced-match@^1.0.0:
  version "1.0.0"
  resolved "http://registry.npm.taobao.org/balanced-match/download/balanced-match-1.0.0.tgz#89b4d199ab2bee49de164ea02b89ce462d71b767"

brace-expansion@^1.1.7:
  version "1.1.11"
  resolved "http://registry.npm.taobao.org/brace-expansion/download/brace-expansion-1.1.11.tgz#3c7fcbf529d87226f3d2f52b966ff5271eb441dd"
  dependencies:
    balanced-match "^1.0.0"
    concat-map "0.0.1"

browser-stdout@1.3.1:
  version "1.3.1"
  resolved "http://registry.npm.taobao.org/browser-stdout/download/browser-stdout-1.3.1.tgz#baa559ee14ced73452229bad7326467c61fabd60"

buffer-from@^1.0.0, buffer-from@^1.1.0:
  version "1.1.1"
  resolved "http://registry.npm.taobao.org/buffer-from/download/buffer-from-1.1.1.tgz#32713bc028f75c02fdb710d7c7bcec1f2c6070ef"

camelcase@^4.1.0:
  version "4.1.0"
  resolved "http://registry.npm.taobao.org/camelcase/download/camelcase-4.1.0.tgz#d545635be1e33c542649c69173e5de6acfae34dd"

cliui@^4.0.0:
  version "4.1.0"
  resolved "http://registry.npm.taobao.org/cliui/download/cliui-4.1.0.tgz#348422dbe82d800b3022eef4f6ac10bf2e4d1b49"
  dependencies:
    string-width "^2.1.1"
    strip-ansi "^4.0.0"
    wrap-ansi "^2.0.0"

code-point-at@^1.0.0:
  version "1.1.0"
  resolved "http://registry.npm.taobao.org/code-point-at/download/code-point-at-1.1.0.tgz#0d070b4d043a5bea33a2f1a40e2edb3d9a4ccf77"

commander@2.15.1:
  version "2.15.1"
  resolved "http://registry.npm.taobao.org/commander/download/commander-2.15.1.tgz#df46e867d0fc2aec66a34662b406a9ccafff5b0f"

concat-map@0.0.1:
  version "0.0.1"
  resolved "http://registry.npm.taobao.org/concat-map/download/concat-map-0.0.1.tgz#d8a96bd77fd68df7793a73036a3ba0d5405d477b"

cross-spawn@^5.0.1:
  version "5.1.0"
  resolved "http://registry.npm.taobao.org/cross-spawn/download/cross-spawn-5.1.0.tgz#e8bd0efee58fcff6f8f94510a0a554bbfa235449"
  dependencies:
    lru-cache "^4.0.1"
    shebang-command "^1.2.0"
    which "^1.2.9"

csstype@^2.2.0:
  version "2.5.8"
  resolved "http://registry.npm.taobao.org/csstype/download/csstype-2.5.8.tgz#4ce5aa16ea0d562ef9105fa3ae2676f199586a35"
  integrity sha1-TOWqFuoNVi75EF+jriZ28ZlYajU=

debug@3.1.0:
  version "3.1.0"
  resolved "http://registry.npm.taobao.org/debug/download/debug-3.1.0.tgz#5bb5a0672628b64149566ba16819e61518c67261"
  dependencies:
    ms "2.0.0"

decamelize@^2.0.0:
  version "2.0.0"
  resolved "http://registry.npm.taobao.org/decamelize/download/decamelize-2.0.0.tgz#656d7bbc8094c4c788ea53c5840908c9c7d063c7"
  dependencies:
    xregexp "4.0.0"

diff@3.5.0, diff@^3.1.0:
  version "3.5.0"
  resolved "http://registry.npm.taobao.org/diff/download/diff-3.5.0.tgz#800c0dd1e0a8bfbc95835c202ad220fe317e5a12"

escape-string-regexp@1.0.5:
  version "1.0.5"
  resolved "http://registry.npm.taobao.org/escape-string-regexp/download/escape-string-regexp-1.0.5.tgz#1b61c0562190a8dff6ae3bb2cf0200ca130b86d4"

execa@^0.7.0:
  version "0.7.0"
  resolved "http://registry.npm.taobao.org/execa/download/execa-0.7.0.tgz#944becd34cc41ee32a63a9faf27ad5a65fc59777"
  dependencies:
    cross-spawn "^5.0.1"
    get-stream "^3.0.0"
    is-stream "^1.1.0"
    npm-run-path "^2.0.0"
    p-finally "^1.0.0"
    signal-exit "^3.0.0"
    strip-eof "^1.0.0"

find-up@^3.0.0:
  version "3.0.0"
  resolved "http://registry.npm.taobao.org/find-up/download/find-up-3.0.0.tgz#49169f1d7993430646da61ecc5ae355c21c97b73"
  dependencies:
    locate-path "^3.0.0"

fs.realpath@^1.0.0:
  version "1.0.0"
  resolved "http://registry.npm.taobao.org/fs.realpath/download/fs.realpath-1.0.0.tgz#1504ad2523158caa40db4a2787cb01411994ea4f"

get-caller-file@^1.0.1:
  version "1.0.3"
  resolved "http://registry.npm.taobao.org/get-caller-file/download/get-caller-file-1.0.3.tgz#f978fa4c90d1dfe7ff2d6beda2a515e713bdcf4a"

get-stream@^3.0.0:
  version "3.0.0"
  resolved "http://registry.npm.taobao.org/get-stream/download/get-stream-3.0.0.tgz#8e943d1358dc37555054ecbe2edb05aa174ede14"

glob@7.1.2:
  version "7.1.2"
  resolved "http://registry.npm.taobao.org/glob/download/glob-7.1.2.tgz#c19c9df9a028702d678612384a6552404c636d15"
  dependencies:
    fs.realpath "^1.0.0"
    inflight "^1.0.4"
    inherits "2"
    minimatch "^3.0.4"
    once "^1.3.0"
    path-is-absolute "^1.0.0"

growl@1.10.5:
  version "1.10.5"
  resolved "http://registry.npm.taobao.org/growl/download/growl-1.10.5.tgz#f2735dc2283674fa67478b10181059355c369e5e"

has-flag@^3.0.0:
  version "3.0.0"
  resolved "http://registry.npm.taobao.org/has-flag/download/has-flag-3.0.0.tgz#b5d454dc2199ae225699f3467e5a07f3b955bafd"

he@1.1.1:
  version "1.1.1"
  resolved "http://registry.npm.taobao.org/he/download/he-1.1.1.tgz#93410fd21b009735151f8868c2f271f3427e23fd"

hoist-non-react-statics@^3.0.0:
  version "3.2.1"
  resolved "http://registry.npm.taobao.org/hoist-non-react-statics/download/hoist-non-react-statics-3.2.1.tgz#c09c0555c84b38a7ede6912b61efddafd6e75e1e"
  integrity sha1-wJwFVchLOKft5pErYe/dr9bnXh4=
  dependencies:
    react-is "^16.3.2"

inflight@^1.0.4:
  version "1.0.6"
  resolved "http://registry.npm.taobao.org/inflight/download/inflight-1.0.6.tgz#49bd6331d7d02d0c09bc910a1075ba8165b56df9"
  dependencies:
    once "^1.3.0"
    wrappy "1"

inherits@2:
  version "2.0.3"
  resolved "http://registry.npm.taobao.org/inherits/download/inherits-2.0.3.tgz#633c2c83e3da42a502f52466022480f4208261de"

invert-kv@^1.0.0:
  version "1.0.0"
  resolved "http://registry.npm.taobao.org/invert-kv/download/invert-kv-1.0.0.tgz#104a8e4aaca6d3d8cd157a8ef8bfab2d7a3ffdb6"

is-fullwidth-code-point@^1.0.0:
  version "1.0.0"
  resolved "http://registry.npm.taobao.org/is-fullwidth-code-point/download/is-fullwidth-code-point-1.0.0.tgz#ef9e31386f031a7f0d643af82fde50c457ef00cb"
  dependencies:
    number-is-nan "^1.0.0"

is-fullwidth-code-point@^2.0.0:
  version "2.0.0"
  resolved "http://registry.npm.taobao.org/is-fullwidth-code-point/download/is-fullwidth-code-point-2.0.0.tgz#a3b30a5c4f199183167aaab93beefae3ddfb654f"

is-stream@^1.1.0:
  version "1.1.0"
  resolved "http://registry.npm.taobao.org/is-stream/download/is-stream-1.1.0.tgz#12d4a3dd4e68e0b79ceb8dbc84173ae80d91ca44"

isexe@^2.0.0:
  version "2.0.0"
  resolved "http://registry.npm.taobao.org/isexe/download/isexe-2.0.0.tgz#e8fbf374dc556ff8947a10dcb0572d633f2cfa10"

lcid@^1.0.0:
  version "1.0.0"
  resolved "http://registry.npm.taobao.org/lcid/download/lcid-1.0.0.tgz#308accafa0bc483a3867b4b6f2b9506251d1b835"
  dependencies:
    invert-kv "^1.0.0"

locate-path@^3.0.0:
  version "3.0.0"
  resolved "http://registry.npm.taobao.org/locate-path/download/locate-path-3.0.0.tgz#dbec3b3ab759758071b58fe59fc41871af21400e"
  dependencies:
    p-locate "^3.0.0"
    path-exists "^3.0.0"

lodash@*:
  version "4.17.10"
  resolved "http://registry.npm.taobao.org/lodash/download/lodash-4.17.10.tgz#1b7793cf7259ea38fb3661d4d38b3260af8ae4e7"

lru-cache@^4.0.1:
  version "4.1.3"
  resolved "http://registry.npm.taobao.org/lru-cache/download/lru-cache-4.1.3.tgz#a1175cf3496dfc8436c156c334b4955992bce69c"
  dependencies:
    pseudomap "^1.0.2"
    yallist "^2.1.2"

make-error@^1.1.1:
  version "1.3.5"
  resolved "http://registry.npm.taobao.org/make-error/download/make-error-1.3.5.tgz#efe4e81f6db28cadd605c70f29c831b58ef776c8"

mem@^1.1.0:
  version "1.1.0"
  resolved "http://registry.npm.taobao.org/mem/download/mem-1.1.0.tgz#5edd52b485ca1d900fe64895505399a0dfa45f76"
  dependencies:
    mimic-fn "^1.0.0"

mimic-fn@^1.0.0:
  version "1.2.0"
  resolved "http://registry.npm.taobao.org/mimic-fn/download/mimic-fn-1.2.0.tgz#820c86a39334640e99516928bd03fca88057d022"

minimatch@3.0.4, minimatch@^3.0.4:
  version "3.0.4"
  resolved "http://registry.npm.taobao.org/minimatch/download/minimatch-3.0.4.tgz#5166e286457f03306064be5497e8dbb0c3d32083"
  dependencies:
    brace-expansion "^1.1.7"

minimist@0.0.8:
  version "0.0.8"
  resolved "http://registry.npm.taobao.org/minimist/download/minimist-0.0.8.tgz#857fcabfc3397d2625b8228262e86aa7a011b05d"

minimist@^1.2.0:
  version "1.2.0"
  resolved "http://registry.npm.taobao.org/minimist/download/minimist-1.2.0.tgz#a35008b20f41383eec1fb914f4cd5df79a264284"

mkdirp@0.5.1, mkdirp@^0.5.1:
  version "0.5.1"
  resolved "http://registry.npm.taobao.org/mkdirp/download/mkdirp-0.5.1.tgz#30057438eac6cf7f8c4767f38648d6697d75c903"
  dependencies:
    minimist "0.0.8"

mobx-react@^5.4.3:
  version "5.4.3"
  resolved "http://registry.npm.taobao.org/mobx-react/download/mobx-react-5.4.3.tgz#6709b7dd89670c40e9815914ac2ca49cc02bfb47"
  integrity sha1-Zwm33YlnDEDpgVkUrCyknMAr+0c=
  dependencies:
    hoist-non-react-statics "^3.0.0"
    react-lifecycles-compat "^3.0.2"

mobx@*:
  version "5.1.0"
  resolved "http://registry.npm.taobao.org/mobx/download/mobx-5.1.0.tgz#ae772ca8eb0c1dd93341ffce375f44a80050014d"

mocha@^5.2.0:
  version "5.2.0"
  resolved "http://registry.npm.taobao.org/mocha/download/mocha-5.2.0.tgz#6d8ae508f59167f940f2b5b3c4a612ae50c90ae6"
  dependencies:
    browser-stdout "1.3.1"
    commander "2.15.1"
    debug "3.1.0"
    diff "3.5.0"
    escape-string-regexp "1.0.5"
    glob "7.1.2"
    growl "1.10.5"
    he "1.1.1"
    minimatch "3.0.4"
    mkdirp "0.5.1"
    supports-color "5.4.0"

monofile-utilities@^2.0.1:
  version "2.0.1"
  resolved "http://registry.npm.taobao.org/monofile-utilities/download/monofile-utilities-2.0.1.tgz#370da426515375f1b6d7ed5a8802bca50c6090af"
  dependencies:
    "@types/lodash" "*"
    "@types/node" "*"
    "@types/yargs" "*"
    lodash "*"
    tslib "*"
    yargs "*"

ms@2.0.0:
  version "2.0.0"
  resolved "http://registry.npm.taobao.org/ms/download/ms-2.0.0.tgz#5608aeadfc00be6c2901df5f9861788de0d597c8"

npm-run-path@^2.0.0:
  version "2.0.2"
  resolved "http://registry.npm.taobao.org/npm-run-path/download/npm-run-path-2.0.2.tgz#35a9232dfa35d7067b4cb2ddf2357b1871536c5f"
  dependencies:
    path-key "^2.0.0"

number-is-nan@^1.0.0:
  version "1.0.1"
  resolved "http://registry.npm.taobao.org/number-is-nan/download/number-is-nan-1.0.1.tgz#097b602b53422a522c1afb8790318336941a011d"

once@^1.3.0:
  version "1.4.0"
  resolved "http://registry.npm.taobao.org/once/download/once-1.4.0.tgz#583b1aa775961d4b113ac17d9c50baef9dd76bd1"
  dependencies:
    wrappy "1"

os-locale@^2.0.0:
  version "2.1.0"
  resolved "http://registry.npm.taobao.org/os-locale/download/os-locale-2.1.0.tgz#42bc2900a6b5b8bd17376c8e882b65afccf24bf2"
  dependencies:
    execa "^0.7.0"
    lcid "^1.0.0"
    mem "^1.1.0"

p-finally@^1.0.0:
  version "1.0.0"
  resolved "http://registry.npm.taobao.org/p-finally/download/p-finally-1.0.0.tgz#3fbcfb15b899a44123b34b6dcc18b724336a2cae"

p-limit@^2.0.0:
  version "2.0.0"
  resolved "http://registry.npm.taobao.org/p-limit/download/p-limit-2.0.0.tgz#e624ed54ee8c460a778b3c9f3670496ff8a57aec"
  dependencies:
    p-try "^2.0.0"

p-locate@^3.0.0:
  version "3.0.0"
  resolved "http://registry.npm.taobao.org/p-locate/download/p-locate-3.0.0.tgz#322d69a05c0264b25997d9f40cd8a891ab0064a4"
  dependencies:
    p-limit "^2.0.0"

p-try@^2.0.0:
  version "2.0.0"
  resolved "http://registry.npm.taobao.org/p-try/download/p-try-2.0.0.tgz#85080bb87c64688fa47996fe8f7dfbe8211760b1"

path-exists@^3.0.0:
  version "3.0.0"
  resolved "http://registry.npm.taobao.org/path-exists/download/path-exists-3.0.0.tgz#ce0ebeaa5f78cb18925ea7d810d7b59b010fd515"

path-is-absolute@^1.0.0:
  version "1.0.1"
  resolved "http://registry.npm.taobao.org/path-is-absolute/download/path-is-absolute-1.0.1.tgz#174b9268735534ffbc7ace6bf53a5a9e1b5c5f5f"

path-key@^2.0.0:
  version "2.0.1"
  resolved "http://registry.npm.taobao.org/path-key/download/path-key-2.0.1.tgz#411cadb574c5a140d3a4b1910d40d80cc9f40b40"

pseudomap@^1.0.2:
  version "1.0.2"
  resolved "http://registry.npm.taobao.org/pseudomap/download/pseudomap-1.0.2.tgz#f052a28da70e618917ef0a8ac34c1ae5a68286b3"

react-is@^16.3.2:
  version "16.6.3"
  resolved "http://registry.npm.taobao.org/react-is/download/react-is-16.6.3.tgz#d2d7462fcfcbe6ec0da56ad69047e47e56e7eac0"
  integrity sha1-0tdGL8/L5uwNpWrWkEfkflbn6sA=

react-lifecycles-compat@^3.0.2:
  version "3.0.4"
  resolved "http://registry.npm.taobao.org/react-lifecycles-compat/download/react-lifecycles-compat-3.0.4.tgz#4f1a273afdfc8f3488a8c516bfda78f872352362"
  integrity sha1-TxonOv38jzSIqMUWv9p4+HI1I2I=

require-directory@^2.1.1:
  version "2.1.1"
  resolved "http://registry.npm.taobao.org/require-directory/download/require-directory-2.1.1.tgz#8c64ad5fd30dab1c976e2344ffe7f792a6a6df42"

require-main-filename@^1.0.1:
  version "1.0.1"
  resolved "http://registry.npm.taobao.org/require-main-filename/download/require-main-filename-1.0.1.tgz#97f717b69d48784f5f526a6c5aa8ffdda055a4d1"

set-blocking@^2.0.0:
  version "2.0.0"
  resolved "http://registry.npm.taobao.org/set-blocking/download/set-blocking-2.0.0.tgz#045f9782d011ae9a6803ddd382b24392b3d890f7"

shebang-command@^1.2.0:
  version "1.2.0"
  resolved "http://registry.npm.taobao.org/shebang-command/download/shebang-command-1.2.0.tgz#44aac65b695b03398968c39f363fee5deafdf1ea"
  dependencies:
    shebang-regex "^1.0.0"

shebang-regex@^1.0.0:
  version "1.0.0"
  resolved "http://registry.npm.taobao.org/shebang-regex/download/shebang-regex-1.0.0.tgz#da42f49740c0b42db2ca9728571cb190c98efea3"

signal-exit@^3.0.0:
  version "3.0.2"
  resolved "http://registry.npm.taobao.org/signal-exit/download/signal-exit-3.0.2.tgz#b5fdc08f1287ea1178628e415e25132b73646c6d"

source-map-support@^0.5.6:
  version "0.5.9"
  resolved "http://registry.npm.taobao.org/source-map-support/download/source-map-support-0.5.9.tgz#41bc953b2534267ea2d605bccfa7bfa3111ced5f"
  dependencies:
    buffer-from "^1.0.0"
    source-map "^0.6.0"

source-map@^0.6.0:
  version "0.6.1"
  resolved "http://registry.npm.taobao.org/source-map/download/source-map-0.6.1.tgz#74722af32e9614e9c287a8d0bbde48b5e2f1a263"

string-width@^1.0.1:
  version "1.0.2"
  resolved "http://registry.npm.taobao.org/string-width/download/string-width-1.0.2.tgz#118bdf5b8cdc51a2a7e70d211e07e2b0b9b107d3"
  dependencies:
    code-point-at "^1.0.0"
    is-fullwidth-code-point "^1.0.0"
    strip-ansi "^3.0.0"

string-width@^2.0.0, string-width@^2.1.1:
  version "2.1.1"
  resolved "http://registry.npm.taobao.org/string-width/download/string-width-2.1.1.tgz#ab93f27a8dc13d28cac815c462143a6d9012ae9e"
  dependencies:
    is-fullwidth-code-point "^2.0.0"
    strip-ansi "^4.0.0"

strip-ansi@^3.0.0, strip-ansi@^3.0.1:
  version "3.0.1"
  resolved "http://registry.npm.taobao.org/strip-ansi/download/strip-ansi-3.0.1.tgz#6a385fb8853d952d5ff05d0e8aaf94278dc63dcf"
  dependencies:
    ansi-regex "^2.0.0"

strip-ansi@^4.0.0:
  version "4.0.0"
  resolved "http://registry.npm.taobao.org/strip-ansi/download/strip-ansi-4.0.0.tgz#a8479022eb1ac368a871389b635262c505ee368f"
  dependencies:
    ansi-regex "^3.0.0"

strip-eof@^1.0.0:
  version "1.0.0"
  resolved "http://registry.npm.taobao.org/strip-eof/download/strip-eof-1.0.0.tgz#bb43ff5598a6eb05d89b59fcd129c983313606bf"

supports-color@5.4.0:
  version "5.4.0"
  resolved "http://registry.npm.taobao.org/supports-color/download/supports-color-5.4.0.tgz#1c6b337402c2137605efe19f10fec390f6faab54"
  dependencies:
    has-flag "^3.0.0"

ts-node@^7.0.0:
  version "7.0.1"
  resolved "http://registry.npm.taobao.org/ts-node/download/ts-node-7.0.1.tgz#9562dc2d1e6d248d24bc55f773e3f614337d9baf"
  dependencies:
    arrify "^1.0.0"
    buffer-from "^1.1.0"
    diff "^3.1.0"
    make-error "^1.1.1"
    minimist "^1.2.0"
    mkdirp "^0.5.1"
    source-map-support "^0.5.6"
    yn "^2.0.0"

tslib@*:
  version "1.9.3"
  resolved "http://registry.npm.taobao.org/tslib/download/tslib-1.9.3.tgz#d7e4dd79245d85428c4d7e4822a79917954ca286"

typescript@^3.2.2:
  version "3.2.2"
  resolved "http://registry.npm.taobao.org/typescript/download/typescript-3.2.2.tgz#fe8101c46aa123f8353523ebdcf5730c2ae493e5"
  integrity sha1-/oEBxGqhI/g1NSPr3PVzDCrkk+U=

which-module@^2.0.0:
  version "2.0.0"
  resolved "http://registry.npm.taobao.org/which-module/download/which-module-2.0.0.tgz#d9ef07dce77b9902b8a3a8fa4b31c3e3f7e6e87a"

which@^1.2.9:
  version "1.3.1"
  resolved "http://registry.npm.taobao.org/which/download/which-1.3.1.tgz#a45043d54f5805316da8d62f9f50918d3da70b0a"
  dependencies:
    isexe "^2.0.0"

wrap-ansi@^2.0.0:
  version "2.1.0"
  resolved "http://registry.npm.taobao.org/wrap-ansi/download/wrap-ansi-2.1.0.tgz#d8fc3d284dd05794fe84973caecdd1cf824fdd85"
  dependencies:
    string-width "^1.0.1"
    strip-ansi "^3.0.1"

wrappy@1:
  version "1.0.2"
  resolved "http://registry.npm.taobao.org/wrappy/download/wrappy-1.0.2.tgz#b5243d8f3ec1aa35f1364605bc0d1036e30ab69f"

xregexp@4.0.0:
  version "4.0.0"
  resolved "http://registry.npm.taobao.org/xregexp/download/xregexp-4.0.0.tgz#e698189de49dd2a18cc5687b05e17c8e43943020"

"y18n@^3.2.1 || ^4.0.0":
  version "4.0.0"
  resolved "http://registry.npm.taobao.org/y18n/download/y18n-4.0.0.tgz#95ef94f85ecc81d007c264e190a120f0a3c8566b"

yallist@^2.1.2:
  version "2.1.2"
  resolved "http://registry.npm.taobao.org/yallist/download/yallist-2.1.2.tgz#1c11f9218f076089a47dd512f93c6699a6a81d52"

yargs-parser@^10.1.0:
  version "10.1.0"
  resolved "http://registry.npm.taobao.org/yargs-parser/download/yargs-parser-10.1.0.tgz#7202265b89f7e9e9f2e5765e0fe735a905edbaa8"
  dependencies:
    camelcase "^4.1.0"

yargs@*:
  version "12.0.1"
  resolved "http://registry.npm.taobao.org/yargs/download/yargs-12.0.1.tgz#6432e56123bb4e7c3562115401e98374060261c2"
  dependencies:
    cliui "^4.0.0"
    decamelize "^2.0.0"
    find-up "^3.0.0"
    get-caller-file "^1.0.1"
    os-locale "^2.0.0"
    require-directory "^2.1.1"
    require-main-filename "^1.0.1"
    set-blocking "^2.0.0"
    string-width "^2.0.0"
    which-module "^2.0.0"
    y18n "^3.2.1 || ^4.0.0"
    yargs-parser "^10.1.0"

yn@^2.0.0:
  version "2.0.0"
  resolved "http://registry.npm.taobao.org/yn/download/yn-2.0.0.tgz#e5adabc8acf408f6385fc76495684c88e6af689a"
