# THIS IS AN AUTOGENERATED FILE. DO NOT EDIT THIS FILE DIRECTLY.
# yarn lockfile v1


"@types/react-native@^0.50.7":
  version "0.50.7"
  resolved "http://registry.npm.taobao.org/@types/react-native/download/@types/react-native-0.50.7.tgz#4c18bb14aa08f11934f539d2b8dcb2f1a6b88bd8"
  dependencies:
    "@types/react" "*"

"@types/react@*":
  version "16.0.25"
  resolved "http://registry.npm.taobao.org/@types/react/download/@types/react-16.0.25.tgz#bf696b83fe480c5e0eff4335ee39ebc95884a1ed"

known-types@^1.2.0:
  version "1.2.0"
  resolved "http://registry.npm.taobao.org/known-types/download/known-types-1.2.0.tgz#52907a80f9dfbf1525c5b90333185a94c85a2167"
  dependencies:
    tslib "^1.8.0"

mobx@^3.3.2:
  version "3.3.2"
  resolved "http://registry.npm.taobao.org/mobx/download/mobx-3.3.2.tgz#e912a9f7c82b2df69f1abe6515ecaa551828a024"

tslib@^1.8.0:
  version "1.8.0"
  resolved "http://registry.npm.taobao.org/tslib/download/tslib-1.8.0.tgz#dc604ebad64bcbf696d613da6c954aa0e7ea1eb6"
