# THIS IS AN AUTOGENERATED FILE. DO NOT EDIT THIS FILE DIRECTLY.
# yarn lockfile v1


"@types/lodash@^4.14.91":
  version "4.14.92"
  resolved "http://registry.npm.taobao.org/@types/lodash/download/@types/lodash-4.14.92.tgz#6e3cb0b71a1e12180a47a42a744e856c3ae99a57"

"@types/mocha@^2.2.46":
  version "2.2.46"
  resolved "http://registry.npm.taobao.org/@types/mocha/download/@types/mocha-2.2.46.tgz#b04713f7759d1cf752effdaae7b3969e285ebc16"

"@types/node@^8.5.7":
  version "8.5.7"
  resolved "http://registry.npm.taobao.org/@types/node/download/@types/node-8.5.7.tgz#9c498c35af354dcfbca3790fb2e81129e93cf0e2"

"@types/react@^16.0.30":
  version "16.0.34"
  resolved "http://registry.npm.taobao.org/@types/react/download/@types/react-16.0.34.tgz#7a8f795afd8a404a9c4af9539b24c75d3996914e"

"@types/strip-bom@^3.0.0":
  version "3.0.0"
  resolved "http://registry.npm.taobao.org/@types/strip-bom/download/@types/strip-bom-3.0.0.tgz#14a8ec3956c2e81edb7520790aecf21c290aebd2"

"@types/strip-json-comments@0.0.30":
  version "0.0.30"
  resolved "http://registry.npm.taobao.org/@types/strip-json-comments/download/@types/strip-json-comments-0.0.30.tgz#9aa30c04db212a9a0649d6ae6fd50accc40748a1"

ansi-styles@^3.1.0:
  version "3.2.0"
  resolved "http://registry.npm.taobao.org/ansi-styles/download/ansi-styles-3.2.0.tgz#c159b8d5be0f9e5a6f346dab94f16ce022161b88"
  dependencies:
    color-convert "^1.9.0"

arrify@^1.0.0:
  version "1.0.1"
  resolved "http://registry.npm.taobao.org/arrify/download/arrify-1.0.1.tgz#898508da2226f380df904728456849c1501a4b0d"

balanced-match@^1.0.0:
  version "1.0.0"
  resolved "http://registry.npm.taobao.org/balanced-match/download/balanced-match-1.0.0.tgz#89b4d199ab2bee49de164ea02b89ce462d71b767"

brace-expansion@^1.1.7:
  version "1.1.8"
  resolved "http://registry.npm.taobao.org/brace-expansion/download/brace-expansion-1.1.8.tgz#c07b211c7c952ec1f8efd51a77ef0d1d3990a292"
  dependencies:
    balanced-match "^1.0.0"
    concat-map "0.0.1"

browser-stdout@1.3.0:
  version "1.3.0"
  resolved "http://registry.npm.taobao.org/browser-stdout/download/browser-stdout-1.3.0.tgz#f351d32969d32fa5d7a5567154263d928ae3bd1f"

chalk@^2.3.0:
  version "2.3.0"
  resolved "http://registry.npm.taobao.org/chalk/download/chalk-2.3.0.tgz#b5ea48efc9c1793dccc9b4767c93914d3f2d52ba"
  dependencies:
    ansi-styles "^3.1.0"
    escape-string-regexp "^1.0.5"
    supports-color "^4.0.0"

color-convert@^1.9.0:
  version "1.9.1"
  resolved "http://registry.npm.taobao.org/color-convert/download/color-convert-1.9.1.tgz#c1261107aeb2f294ebffec9ed9ecad529a6097ed"
  dependencies:
    color-name "^1.1.1"

color-name@^1.1.1:
  version "1.1.3"
  resolved "http://registry.npm.taobao.org/color-name/download/color-name-1.1.3.tgz#a7d0558bd89c42f795dd42328f740831ca53bc25"

commander@2.11.0:
  version "2.11.0"
  resolved "http://registry.npm.taobao.org/commander/download/commander-2.11.0.tgz#157152fd1e7a6c8d98a5b715cf376df928004563"

concat-map@0.0.1:
  version "0.0.1"
  resolved "http://registry.npm.taobao.org/concat-map/download/concat-map-0.0.1.tgz#d8a96bd77fd68df7793a73036a3ba0d5405d477b"

debug@3.1.0:
  version "3.1.0"
  resolved "http://registry.npm.taobao.org/debug/download/debug-3.1.0.tgz#5bb5a0672628b64149566ba16819e61518c67261"
  dependencies:
    ms "2.0.0"

diff@3.3.1:
  version "3.3.1"
  resolved "http://registry.npm.taobao.org/diff/download/diff-3.3.1.tgz#aa8567a6eed03c531fc89d3f711cd0e5259dec75"

diff@^3.1.0:
  version "3.4.0"
  resolved "http://registry.npm.taobao.org/diff/download/diff-3.4.0.tgz#b1d85507daf3964828de54b37d0d73ba67dda56c"

escape-string-regexp@1.0.5, escape-string-regexp@^1.0.5:
  version "1.0.5"
  resolved "http://registry.npm.taobao.org/escape-string-regexp/download/escape-string-regexp-1.0.5.tgz#1b61c0562190a8dff6ae3bb2cf0200ca130b86d4"

fs.realpath@^1.0.0:
  version "1.0.0"
  resolved "http://registry.npm.taobao.org/fs.realpath/download/fs.realpath-1.0.0.tgz#1504ad2523158caa40db4a2787cb01411994ea4f"

glob@7.1.2:
  version "7.1.2"
  resolved "http://registry.npm.taobao.org/glob/download/glob-7.1.2.tgz#c19c9df9a028702d678612384a6552404c636d15"
  dependencies:
    fs.realpath "^1.0.0"
    inflight "^1.0.4"
    inherits "2"
    minimatch "^3.0.4"
    once "^1.3.0"
    path-is-absolute "^1.0.0"

growl@1.10.3:
  version "1.10.3"
  resolved "http://registry.npm.taobao.org/growl/download/growl-1.10.3.tgz#1926ba90cf3edfe2adb4927f5880bc22c66c790f"

has-flag@^2.0.0:
  version "2.0.0"
  resolved "http://registry.npm.taobao.org/has-flag/download/has-flag-2.0.0.tgz#e8207af1cc7b30d446cc70b734b5e8be18f88d51"

he@1.1.1:
  version "1.1.1"
  resolved "http://registry.npm.taobao.org/he/download/he-1.1.1.tgz#93410fd21b009735151f8868c2f271f3427e23fd"

homedir-polyfill@^1.0.1:
  version "1.0.1"
  resolved "http://registry.npm.taobao.org/homedir-polyfill/download/homedir-polyfill-1.0.1.tgz#4c2bbc8a758998feebf5ed68580f76d46768b4bc"
  dependencies:
    parse-passwd "^1.0.0"

inflight@^1.0.4:
  version "1.0.6"
  resolved "http://registry.npm.taobao.org/inflight/download/inflight-1.0.6.tgz#49bd6331d7d02d0c09bc910a1075ba8165b56df9"
  dependencies:
    once "^1.3.0"
    wrappy "1"

inherits@2:
  version "2.0.3"
  resolved "http://registry.npm.taobao.org/inherits/download/inherits-2.0.3.tgz#633c2c83e3da42a502f52466022480f4208261de"

lodash@^4.17.4:
  version "4.17.4"
  resolved "http://registry.npm.taobao.org/lodash/download/lodash-4.17.4.tgz#78203a4d1c328ae1d86dca6460e369b57f4055ae"

make-error@^1.1.1:
  version "1.3.2"
  resolved "http://registry.npm.taobao.org/make-error/download/make-error-1.3.2.tgz#8762ffad2444dd8ff1f7c819629fa28e24fea1c4"

minimatch@^3.0.4:
  version "3.0.4"
  resolved "http://registry.npm.taobao.org/minimatch/download/minimatch-3.0.4.tgz#5166e286457f03306064be5497e8dbb0c3d32083"
  dependencies:
    brace-expansion "^1.1.7"

minimist@0.0.8:
  version "0.0.8"
  resolved "http://registry.npm.taobao.org/minimist/download/minimist-0.0.8.tgz#857fcabfc3397d2625b8228262e86aa7a011b05d"

minimist@^1.2.0:
  version "1.2.0"
  resolved "http://registry.npm.taobao.org/minimist/download/minimist-1.2.0.tgz#a35008b20f41383eec1fb914f4cd5df79a264284"

mkdirp@0.5.1, mkdirp@^0.5.1:
  version "0.5.1"
  resolved "http://registry.npm.taobao.org/mkdirp/download/mkdirp-0.5.1.tgz#30057438eac6cf7f8c4767f38648d6697d75c903"
  dependencies:
    minimist "0.0.8"

mobx@^3.3.2:
  version "3.3.2"
  resolved "http://registry.npm.taobao.org/mobx/download/mobx-3.3.2.tgz#e912a9f7c82b2df69f1abe6515ecaa551828a024"

mobx@^3.4.1:
  version "3.4.1"
  resolved "http://registry.npm.taobao.org/mobx/download/mobx-3.4.1.tgz#37abe5ee882d401828d9f26c6c1a2f47614bbbef"

mocha@^4.1.0:
  version "4.1.0"
  resolved "http://registry.npm.taobao.org/mocha/download/mocha-4.1.0.tgz#7d86cfbcf35cb829e2754c32e17355ec05338794"
  dependencies:
    browser-stdout "1.3.0"
    commander "2.11.0"
    debug "3.1.0"
    diff "3.3.1"
    escape-string-regexp "1.0.5"
    glob "7.1.2"
    growl "1.10.3"
    he "1.1.1"
    mkdirp "0.5.1"
    supports-color "4.4.0"

monofile-utilities@^1.3.2:
  version "1.3.2"
  resolved "http://registry.npm.taobao.org/monofile-utilities/download/monofile-utilities-1.3.2.tgz#21856666cdcdda391ddcf7a8700a01cd34452a59"
  dependencies:
    "@types/lodash" "^4.14.91"
    "@types/react" "^16.0.30"
    lodash "^4.17.4"
    mobx "^3.4.1"
    tslib "^1.8.1"

ms@2.0.0:
  version "2.0.0"
  resolved "http://registry.npm.taobao.org/ms/download/ms-2.0.0.tgz#5608aeadfc00be6c2901df5f9861788de0d597c8"

once@^1.3.0:
  version "1.4.0"
  resolved "http://registry.npm.taobao.org/once/download/once-1.4.0.tgz#583b1aa775961d4b113ac17d9c50baef9dd76bd1"
  dependencies:
    wrappy "1"

parse-passwd@^1.0.0:
  version "1.0.0"
  resolved "http://registry.npm.taobao.org/parse-passwd/download/parse-passwd-1.0.0.tgz#6d5b934a456993b23d37f40a382d6f1666a8e5c6"

path-is-absolute@^1.0.0:
  version "1.0.1"
  resolved "http://registry.npm.taobao.org/path-is-absolute/download/path-is-absolute-1.0.1.tgz#174b9268735534ffbc7ace6bf53a5a9e1b5c5f5f"

source-map-support@^0.5.0:
  version "0.5.0"
  resolved "http://registry.npm.taobao.org/source-map-support/download/source-map-support-0.5.0.tgz#2018a7ad2bdf8faf2691e5fddab26bed5a2bacab"
  dependencies:
    source-map "^0.6.0"

source-map@^0.6.0:
  version "0.6.1"
  resolved "http://registry.npm.taobao.org/source-map/download/source-map-0.6.1.tgz#74722af32e9614e9c287a8d0bbde48b5e2f1a263"

strip-bom@^3.0.0:
  version "3.0.0"
  resolved "http://registry.npm.taobao.org/strip-bom/download/strip-bom-3.0.0.tgz#2334c18e9c759f7bdd56fdef7e9ae3d588e68ed3"

strip-json-comments@^2.0.0:
  version "2.0.1"
  resolved "http://registry.npm.taobao.org/strip-json-comments/download/strip-json-comments-2.0.1.tgz#3c531942e908c2697c0ec344858c286c7ca0a60a"

supports-color@4.4.0:
  version "4.4.0"
  resolved "http://registry.npm.taobao.org/supports-color/download/supports-color-4.4.0.tgz#883f7ddabc165142b2a61427f3352ded195d1a3e"
  dependencies:
    has-flag "^2.0.0"

supports-color@^4.0.0:
  version "4.5.0"
  resolved "http://registry.npm.taobao.org/supports-color/download/supports-color-4.5.0.tgz#be7a0de484dec5c5cddf8b3d59125044912f635b"
  dependencies:
    has-flag "^2.0.0"

ts-node@^4.1.0:
  version "4.1.0"
  resolved "http://registry.npm.taobao.org/ts-node/download/ts-node-4.1.0.tgz#36d9529c7b90bb993306c408cd07f7743de20712"
  dependencies:
    arrify "^1.0.0"
    chalk "^2.3.0"
    diff "^3.1.0"
    make-error "^1.1.1"
    minimist "^1.2.0"
    mkdirp "^0.5.1"
    source-map-support "^0.5.0"
    tsconfig "^7.0.0"
    v8flags "^3.0.0"
    yn "^2.0.0"

tsconfig@^7.0.0:
  version "7.0.0"
  resolved "http://registry.npm.taobao.org/tsconfig/download/tsconfig-7.0.0.tgz#84538875a4dc216e5c4a5432b3a4dec3d54e91b7"
  dependencies:
    "@types/strip-bom" "^3.0.0"
    "@types/strip-json-comments" "0.0.30"
    strip-bom "^3.0.0"
    strip-json-comments "^2.0.0"

tslib@^1.8.0:
  version "1.8.0"
  resolved "http://registry.npm.taobao.org/tslib/download/tslib-1.8.0.tgz#dc604ebad64bcbf696d613da6c954aa0e7ea1eb6"

tslib@^1.8.1:
  version "1.8.1"
  resolved "http://registry.npm.taobao.org/tslib/download/tslib-1.8.1.tgz#6946af2d1d651a7b1863b531d6e5afa41aa44eac"

typescript@^2.6.2:
  version "2.6.2"
  resolved "http://registry.npm.taobao.org/typescript/download/typescript-2.6.2.tgz#3c5b6fd7f6de0914269027f03c0946758f7673a4"

v8flags@^3.0.0:
  version "3.0.1"
  resolved "http://registry.npm.taobao.org/v8flags/download/v8flags-3.0.1.tgz#dce8fc379c17d9f2c9e9ed78d89ce00052b1b76b"
  dependencies:
    homedir-polyfill "^1.0.1"

wrappy@1:
  version "1.0.2"
  resolved "http://registry.npm.taobao.org/wrappy/download/wrappy-1.0.2.tgz#b5243d8f3ec1aa35f1364605bc0d1036e30ab69f"

yn@^2.0.0:
  version "2.0.0"
  resolved "http://registry.npm.taobao.org/yn/download/yn-2.0.0.tgz#e5adabc8acf408f6385fc76495684c88e6af689a"
